
Microsoft Visual Studio Solution File, Format Version 12.00
# Visual Studio 15
VisualStudioVersion = 15.0.28010.2016
MinimumVisualStudioVersion = 10.0.40219.1
Project("{FAE04EC0-301F-11D3-BF4B-00C04F79EFBC}") = "Travella", "Travella\Travella.csproj", "{53530A0E-9DAA-401F-A99C-86BDCBE74724}"
EndProject
Global
	GlobalSection(SolutionConfigurationPlatforms) = preSolution
		Debug|Any CPU = Debug|Any CPU
		Release|Any CPU = Release|Any CPU
	EndGlobalSection
	GlobalSection(ProjectConfigurationPlatforms) = postSolution
		{53530A0E-9DAA-401F-A99C-86BDCBE74724}.Debug|Any CPU.ActiveCfg = Debug|Any CPU
		{53530A0E-9DAA-401F-A99C-86BDCBE74724}.Debug|Any CPU.Build.0 = Debug|Any CPU
		{53530A0E-9DAA-401F-A99C-86BDCBE74724}.Release|Any CPU.ActiveCfg = Release|Any CPU
		{53530A0E-9DAA-401F-A99C-86BDCBE74724}.Release|Any CPU.Build.0 = Release|Any CPU
	EndGlobalSection
	GlobalSection(SolutionProperties) = preSolution
		HideSolutionNode = FALSE
	EndGlobalSection
	GlobalSection(ExtensibilityGlobals) = postSolution
		SolutionGuid = {73DB0DA9-B3B4-4BC8-817F-DBDCBCBC1EFE}
	EndGlobalSection
EndGlobal
